
Microsoft Visual Studio Solution File, Format Version 12.00
# Visual Studio Version 17
VisualStudioVersion = 17.3.32922.545
MinimumVisualStudioVersion = 10.0.40219.1
Project("{FAE04EC0-301F-11D3-BF4B-00C04F79EFBC}") = "PiLedAudioLoopbackProcessor", "PiLedAudioLoopbackProcessor\PiLedAudioLoopbackProcessor.csproj", "{4230AE09-15B2-4016-B7BA-5D65E906E0BA}"
EndProject
Global
	GlobalSection(SolutionConfigurationPlatforms) = preSolution
		Debug|Any CPU = Debug|Any CPU
		Release|Any CPU = Release|Any CPU
	EndGlobalSection
	GlobalSection(ProjectConfigurationPlatforms) = postSolution
		{4230AE09-15B2-4016-B7BA-5D65E906E0BA}.Debug|Any CPU.ActiveCfg = Debug|Any CPU
		{4230AE09-15B2-4016-B7BA-5D65E906E0BA}.Debug|Any CPU.Build.0 = Debug|Any CPU
		{4230AE09-15B2-4016-B7BA-5D65E906E0BA}.Release|Any CPU.ActiveCfg = Release|Any CPU
		{4230AE09-15B2-4016-B7BA-5D65E906E0BA}.Release|Any CPU.Build.0 = Release|Any CPU
	EndGlobalSection
	GlobalSection(SolutionProperties) = preSolution
		HideSolutionNode = FALSE
	EndGlobalSection
	GlobalSection(ExtensibilityGlobals) = postSolution
		SolutionGuid = {F6EDAAB0-0EFA-4392-9EA8-0662A34B644F}
	EndGlobalSection
EndGlobal
